
Microsoft Visual Studio Solution File, Format Version 12.00
# Visual Studio 15
VisualStudioVersion = 15.0.28010.2048
MinimumVisualStudioVersion = 10.0.40219.1
Project("{FAE04EC0-301F-11D3-BF4B-00C04F79EFBC}") = "WebApplication2", "WebApplication2\WebApplication2.csproj", "{EA583ED4-BF34-4386-9450-20C6E9859389}"
EndProject
Global
	GlobalSection(SolutionConfigurationPlatforms) = preSolution
		Debug|Any CPU = Debug|Any CPU
		Release|Any CPU = Release|Any CPU
	EndGlobalSection
	GlobalSection(ProjectConfigurationPlatforms) = postSolution
		{EA583ED4-BF34-4386-9450-20C6E9859389}.Debug|Any CPU.ActiveCfg = Debug|Any CPU
		{EA583ED4-BF34-4386-9450-20C6E9859389}.Debug|Any CPU.Build.0 = Debug|Any CPU
		{EA583ED4-BF34-4386-9450-20C6E9859389}.Release|Any CPU.ActiveCfg = Release|Any CPU
		{EA583ED4-BF34-4386-9450-20C6E9859389}.Release|Any CPU.Build.0 = Release|Any CPU
	EndGlobalSection
	GlobalSection(SolutionProperties) = preSolution
		HideSolutionNode = FALSE
	EndGlobalSection
	GlobalSection(ExtensibilityGlobals) = postSolution
		SolutionGuid = {250E3D54-7AA6-449F-B502-0B7C475A8D1E}
	EndGlobalSection
EndGlobal
